# This file is automatically @generated by Cargo.
# It is not intended for manual editing.
version = 4

[[package]]
name = "SA-02-hub-diagnostico"
version = "0.1.0"

[[package]]
name = "SA-03-logistica-central"
version = "0.1.0"

[[package]]
name = "SA-04-comando-central"
version = "0.1.0"

[[package]]
name = "SA-05-trafego-aereo"
version = "0.1.0"

[[package]]
name = "SA-06-fabrica-automata"
version = "0.1.0"
dependencies = [
 "cc",
]

[[package]]
name = "auditoria_logs"
version = "0.1.0"

[[package]]
name = "banco_dados_entregas"
version = "0.1.0"

[[package]]
name = "buffer_compartilhado"
version = "0.1.0"
dependencies = [
 "cc",
]

[[package]]
name = "calculos_legados"
version = "0.1.0"
dependencies = [
 "cc",
]

[[package]]
name = "calibracao_dinamica"
version = "0.1.0"

[[package]]
name = "cc"
version = "1.2.60"
source = "registry+https://github.com/rust-lang/crates.io-index"
checksum = "43c5703da9466b66a946814e1adf53ea2c90f10063b86290cc9eb67ce3478a20"
dependencies = [
 "find-msvc-tools",
 "shlex",
]

[[package]]
name = "concorrencia_segura"
version = "0.1.0"

[[package]]
name = "dashboard_compartilhado"
version = "0.1.0"

[[package]]
name = "desafio_drone_resgate"
version = "0.1.0"

[[package]]
name = "diagnostico_sensores"
version = "0.1.0"

[[package]]
name = "emprestimo_telemetria"
version = "0.1.0"

[[package]]
name = "find-msvc-tools"
version = "0.1.9"
source = "registry+https://github.com/rust-lang/crates.io-index"
checksum = "5baebc0774151f905a1a2cc41989300b1e6fbb29aff0ceffa1064fdd3088d582"

[[package]]
name = "gerenciador_payload"
version = "0.1.0"

[[package]]
name = "gestao_mensagens"
version = "0.1.0"

[[package]]
name = "lista_ligada"
version = "0.1.0"

[[package]]
name = "logistica_drone"
version = "0.1.0"

[[package]]
name = "motor_hidraulico"
version = "0.1.0"

[[package]]
name = "processamento_dados"
version = "0.1.0"

[[package]]
name = "shlex"
version = "1.3.0"
source = "registry+https://github.com/rust-lang/crates.io-index"
checksum = "0fda2ff0d084019ba4d7c6f371c95d8fd75ce3524c3cb8fb653a3023f6323e64"

[[package]]
name = "sobrecarga_operadores"
version = "0.1.0"

[[package]]
name = "traits_dispositivos"
version = "0.1.0"

[[package]]
name = "transmissao_generica"
version = "0.1.0"

[[package]]
name = "triagem_encomendas"
version = "0.1.0"

[[package]]
name = "type_states_drone"
version = "0.1.0"
